// !$*UTF8*$!
{
	archiveVersion = 1;
	classes = {
	};
	objectVersion = 56;
	objects = {

/* Begin PBXBuildFile section */
		DD07CFAC296D015C00220DA6 /* CryptoAppApp.swift in Sources */ = {isa = PBXBuildFile; fileRef = DD07CFAB296D015C00220DA6 /* CryptoAppApp.swift */; };
		DD07CFAE296D015C00220DA6 /* ContentView.swift in Sources */ = {isa = PBXBuildFile; fileRef = DD07CFAD296D015C00220DA6 /* ContentView.swift */; };
		DD07CFB0296D015E00220DA6 /* Assets.xcassets in Resources */ = {isa = PBXBuildFile; fileRef = DD07CFAF296D015E00220DA6 /* Assets.xcassets */; };
		DD07CFB3296D015E00220DA6 /* Preview Assets.xcassets in Resources */ = {isa = PBXBuildFile; fileRef = DD07CFB2296D015E00220DA6 /* Preview Assets.xcassets */; };
		DD07CFBB296D034A00220DA6 /* Color.swift in Sources */ = {isa = PBXBuildFile; fileRef = DD07CFBA296D034A00220DA6 /* Color.swift */; };
		DD07CFC1296D051600220DA6 /* HomeView.swift in Sources */ = {isa = PBXBuildFile; fileRef = DD07CFC0296D051600220DA6 /* HomeView.swift */; };
		DD07CFC8296D06BC00220DA6 /* CircleButtonView.swift in Sources */ = {isa = PBXBuildFile; fileRef = DD07CFC7296D06BC00220DA6 /* CircleButtonView.swift */; };
		DD07CFCA296D09A100220DA6 /* CircleButtonAnimationView.swift in Sources */ = {isa = PBXBuildFile; fileRef = DD07CFC9296D09A100220DA6 /* CircleButtonAnimationView.swift */; };
		DD07CFCD296D0D6400220DA6 /* CoinModel.swift in Sources */ = {isa = PBXBuildFile; fileRef = DD07CFCC296D0D6300220DA6 /* CoinModel.swift */; };
		DD07CFCF296D1C0200220DA6 /* CoinRowView.swift in Sources */ = {isa = PBXBuildFile; fileRef = DD07CFCE296D1C0200220DA6 /* CoinRowView.swift */; };
		DDA5F92B2987EDA7003434E8 /* StatisticModel.swift in Sources */ = {isa = PBXBuildFile; fileRef = DDA5F92A2987EDA7003434E8 /* StatisticModel.swift */; };
		DDA5F92D2987EFA1003434E8 /* StatisticView.swift in Sources */ = {isa = PBXBuildFile; fileRef = DDA5F92C2987EFA1003434E8 /* StatisticView.swift */; };
		DDA5F92F2987F2DD003434E8 /* HomeStatsView.swift in Sources */ = {isa = PBXBuildFile; fileRef = DDA5F92E2987F2DD003434E8 /* HomeStatsView.swift */; };
		DDA5F9312987F65C003434E8 /* MarketDataModel.swift in Sources */ = {isa = PBXBuildFile; fileRef = DDA5F9302987F65C003434E8 /* MarketDataModel.swift */; };
		DDA5F9332987F94C003434E8 /* MarketDataService.swift in Sources */ = {isa = PBXBuildFile; fileRef = DDA5F9322987F94C003434E8 /* MarketDataService.swift */; };
		DDA5F93529880201003434E8 /* PortfolioView.swift in Sources */ = {isa = PBXBuildFile; fileRef = DDA5F93429880201003434E8 /* PortfolioView.swift */; };
		DDA5F93729880413003434E8 /* XMarkButton.swift in Sources */ = {isa = PBXBuildFile; fileRef = DDA5F93629880413003434E8 /* XMarkButton.swift */; };
		DDAA598929765F9400F33C44 /* Double.swift in Sources */ = {isa = PBXBuildFile; fileRef = DDAA598829765F9400F33C44 /* Double.swift */; };
		DDAA598B2976670600F33C44 /* HomeViewModel.swift in Sources */ = {isa = PBXBuildFile; fileRef = DDAA598A2976670600F33C44 /* HomeViewModel.swift */; };
		DDAA598E29766CE200F33C44 /* CoinDataService.swift in Sources */ = {isa = PBXBuildFile; fileRef = DDAA598D29766CE200F33C44 /* CoinDataService.swift */; };
		DDAA59912976745C00F33C44 /* NetworkingManager.swift in Sources */ = {isa = PBXBuildFile; fileRef = DDAA59902976745C00F33C44 /* NetworkingManager.swift */; };
		DDAA5994297679FA00F33C44 /* CoinImageView.swift in Sources */ = {isa = PBXBuildFile; fileRef = DDAA5993297679FA00F33C44 /* CoinImageView.swift */; };
		DDAA599629767B7E00F33C44 /* CoinImageService.swift in Sources */ = {isa = PBXBuildFile; fileRef = DDAA599529767B7E00F33C44 /* CoinImageService.swift */; };
		DDAA599829767D4800F33C44 /* CoinImageViewModel.swift in Sources */ = {isa = PBXBuildFile; fileRef = DDAA599729767D4800F33C44 /* CoinImageViewModel.swift */; };
		DDBEC4E5297E698600A54E44 /* LocalFileManager.swift in Sources */ = {isa = PBXBuildFile; fileRef = DDBEC4E4297E698600A54E44 /* LocalFileManager.swift */; };
		DDBEC4E7297E782300A54E44 /* SearchBarView.swift in Sources */ = {isa = PBXBuildFile; fileRef = DDBEC4E6297E782300A54E44 /* SearchBarView.swift */; };
		DDBEC4E9297E81FB00A54E44 /* UIApplication.swift in Sources */ = {isa = PBXBuildFile; fileRef = DDBEC4E8297E81FB00A54E44 /* UIApplication.swift */; };
		DDCCA4082975BD6F007129F1 /* PreviewProvider.swift in Sources */ = {isa = PBXBuildFile; fileRef = DDCCA4072975BD6F007129F1 /* PreviewProvider.swift */; };
		DDEA7F4D2992384B000D29F6 /* PortfolioContainer.xcdatamodeld in Sources */ = {isa = PBXBuildFile; fileRef = DDEA7F4B2992384B000D29F6 /* PortfolioContainer.xcdatamodeld */; };
		DDEA7F4F299238D0000D29F6 /* PortfolioDataService.swift in Sources */ = {isa = PBXBuildFile; fileRef = DDEA7F4E299238D0000D29F6 /* PortfolioDataService.swift */; };
		DDF2FBAC298D43C90025F7B9 /* CoinLogoView.swift in Sources */ = {isa = PBXBuildFile; fileRef = DDF2FBAB298D43C90025F7B9 /* CoinLogoView.swift */; };
/* End PBXBuildFile section */

/* Begin PBXFileReference section */
		DD07CFA8296D015C00220DA6 /* CryptoApp.app */ = {isa = PBXFileReference; explicitFileType = wrapper.application; includeInIndex = 0; path = CryptoApp.app; sourceTree = BUILT_PRODUCTS_DIR; };
		DD07CFAB296D015C00220DA6 /* CryptoAppApp.swift */ = {isa = PBXFileReference; lastKnownFileType = sourcecode.swift; path = CryptoAppApp.swift; sourceTree = "<group>"; };
		DD07CFAD296D015C00220DA6 /* ContentView.swift */ = {isa = PBXFileReference; lastKnownFileType = sourcecode.swift; name = ContentView.swift; path = Core/ContentView.swift; sourceTree = "<group>"; };
		DD07CFAF296D015E00220DA6 /* Assets.xcassets */ = {isa = PBXFileReference; lastKnownFileType = folder.assetcatalog; path = Assets.xcassets; sourceTree = "<group>"; };
		DD07CFB2296D015E00220DA6 /* Preview Assets.xcassets */ = {isa = PBXFileReference; lastKnownFileType = folder.assetcatalog; path = "Preview Assets.xcassets"; sourceTree = "<group>"; };
		DD07CFBA296D034A00220DA6 /* Color.swift */ = {isa = PBXFileReference; lastKnownFileType = sourcecode.swift; path = Color.swift; sourceTree = "<group>"; };
		DD07CFC0296D051600220DA6 /* HomeView.swift */ = {isa = PBXFileReference; lastKnownFileType = sourcecode.swift; path = HomeView.swift; sourceTree = "<group>"; };
		DD07CFC7296D06BC00220DA6 /* CircleButtonView.swift */ = {isa = PBXFileReference; lastKnownFileType = sourcecode.swift; path = CircleButtonView.swift; sourceTree = "<group>"; };
		DD07CFC9296D09A100220DA6 /* CircleButtonAnimationView.swift */ = {isa = PBXFileReference; lastKnownFileType = sourcecode.swift; path = CircleButtonAnimationView.swift; sourceTree = "<group>"; };
		DD07CFCC296D0D6300220DA6 /* CoinModel.swift */ = {isa = PBXFileReference; lastKnownFileType = sourcecode.swift; path = CoinModel.swift; sourceTree = "<group>"; };
		DD07CFCE296D1C0200220DA6 /* CoinRowView.swift */ = {isa = PBXFileReference; lastKnownFileType = sourcecode.swift; path = CoinRowView.swift; sourceTree = "<group>"; };
		DDA5F92A2987EDA7003434E8 /* StatisticModel.swift */ = {isa = PBXFileReference; lastKnownFileType = sourcecode.swift; path = StatisticModel.swift; sourceTree = "<group>"; };
		DDA5F92C2987EFA1003434E8 /* StatisticView.swift */ = {isa = PBXFileReference; lastKnownFileType = sourcecode.swift; path = StatisticView.swift; sourceTree = "<group>"; };
		DDA5F92E2987F2DD003434E8 /* HomeStatsView.swift */ = {isa = PBXFileReference; lastKnownFileType = sourcecode.swift; path = HomeStatsView.swift; sourceTree = "<group>"; };
		DDA5F9302987F65C003434E8 /* MarketDataModel.swift */ = {isa = PBXFileReference; lastKnownFileType = sourcecode.swift; path = MarketDataModel.swift; sourceTree = "<group>"; };
		DDA5F9322987F94C003434E8 /* MarketDataService.swift */ = {isa = PBXFileReference; lastKnownFileType = sourcecode.swift; path = MarketDataService.swift; sourceTree = "<group>"; };
		DDA5F93429880201003434E8 /* PortfolioView.swift */ = {isa = PBXFileReference; lastKnownFileType = sourcecode.swift; path = PortfolioView.swift; sourceTree = "<group>"; };
		DDA5F93629880413003434E8 /* XMarkButton.swift */ = {isa = PBXFileReference; lastKnownFileType = sourcecode.swift; path = XMarkButton.swift; sourceTree = "<group>"; };
		DDAA598829765F9400F33C44 /* Double.swift */ = {isa = PBXFileReference; lastKnownFileType = sourcecode.swift; path = Double.swift; sourceTree = "<group>"; };
		DDAA598A2976670600F33C44 /* HomeViewModel.swift */ = {isa = PBXFileReference; lastKnownFileType = sourcecode.swift; path = HomeViewModel.swift; sourceTree = "<group>"; };
		DDAA598D29766CE200F33C44 /* CoinDataService.swift */ = {isa = PBXFileReference; lastKnownFileType = sourcecode.swift; path = CoinDataService.swift; sourceTree = "<group>"; };
		DDAA59902976745C00F33C44 /* NetworkingManager.swift */ = {isa = PBXFileReference; lastKnownFileType = sourcecode.swift; path = NetworkingManager.swift; sourceTree = "<group>"; };
		DDAA5993297679FA00F33C44 /* CoinImageView.swift */ = {isa = PBXFileReference; lastKnownFileType = sourcecode.swift; path = CoinImageView.swift; sourceTree = "<group>"; };
		DDAA599529767B7E00F33C44 /* CoinImageService.swift */ = {isa = PBXFileReference; lastKnownFileType = sourcecode.swift; path = CoinImageService.swift; sourceTree = "<group>"; };
		DDAA599729767D4800F33C44 /* CoinImageViewModel.swift */ = {isa = PBXFileReference; lastKnownFileType = sourcecode.swift; path = CoinImageViewModel.swift; sourceTree = "<group>"; };
		DDBEC4E4297E698600A54E44 /* LocalFileManager.swift */ = {isa = PBXFileReference; lastKnownFileType = sourcecode.swift; path = LocalFileManager.swift; sourceTree = "<group>"; };
		DDBEC4E6297E782300A54E44 /* SearchBarView.swift */ = {isa = PBXFileReference; lastKnownFileType = sourcecode.swift; path = SearchBarView.swift; sourceTree = "<group>"; };
		DDBEC4E8297E81FB00A54E44 /* UIApplication.swift */ = {isa = PBXFileReference; lastKnownFileType = sourcecode.swift; path = UIApplication.swift; sourceTree = "<group>"; };
		DDCCA4072975BD6F007129F1 /* PreviewProvider.swift */ = {isa = PBXFileReference; lastKnownFileType = sourcecode.swift; path = PreviewProvider.swift; sourceTree = "<group>"; };
		DDEA7F4C2992384B000D29F6 /* PortfolioContainer.xcdatamodel */ = {isa = PBXFileReference; lastKnownFileType = wrapper.xcdatamodel; path = PortfolioContainer.xcdatamodel; sourceTree = "<group>"; };
		DDEA7F4E299238D0000D29F6 /* PortfolioDataService.swift */ = {isa = PBXFileReference; lastKnownFileType = sourcecode.swift; path = PortfolioDataService.swift; sourceTree = "<group>"; };
		DDF2FBAB298D43C90025F7B9 /* CoinLogoView.swift */ = {isa = PBXFileReference; lastKnownFileType = sourcecode.swift; path = CoinLogoView.swift; sourceTree = "<group>"; };
/* End PBXFileReference section */

/* Begin PBXFrameworksBuildPhase section */
		DD07CFA5296D015C00220DA6 /* Frameworks */ = {
			isa = PBXFrameworksBuildPhase;
			buildActionMask = 2147483647;
			files = (
			);
			runOnlyForDeploymentPostprocessing = 0;
		};
/* End PBXFrameworksBuildPhase section */

/* Begin PBXGroup section */
		DD07CF9F296D015C00220DA6 = {
			isa = PBXGroup;
			children = (
				DD07CFAA296D015C00220DA6 /* CryptoApp */,
				DD07CFA9296D015C00220DA6 /* Products */,
			);
			sourceTree = "<group>";
		};
		DD07CFA9296D015C00220DA6 /* Products */ = {
			isa = PBXGroup;
			children = (
				DD07CFA8296D015C00220DA6 /* CryptoApp.app */,
			);
			name = Products;
			sourceTree = "<group>";
		};
		DD07CFAA296D015C00220DA6 /* CryptoApp */ = {
			isa = PBXGroup;
			children = (
				DD07CFAB296D015C00220DA6 /* CryptoAppApp.swift */,
				DDAA598F2976742700F33C44 /* Utilities */,
				DD07CFB9296D032000220DA6 /* Extensions */,
				DDAA598C29766CBD00F33C44 /* Services */,
				DD07CFCB296D0D5100220DA6 /* Models */,
				DD07CFBC296D047C00220DA6 /* Core */,
				DD07CFAD296D015C00220DA6 /* ContentView.swift */,
				DD07CFAF296D015E00220DA6 /* Assets.xcassets */,
				DD07CFB1296D015E00220DA6 /* Preview Content */,
			);
			path = CryptoApp;
			sourceTree = "<group>";
		};
		DD07CFB1296D015E00220DA6 /* Preview Content */ = {
			isa = PBXGroup;
			children = (
				DD07CFB2296D015E00220DA6 /* Preview Assets.xcassets */,
			);
			path = "Preview Content";
			sourceTree = "<group>";
		};
		DD07CFB9296D032000220DA6 /* Extensions */ = {
			isa = PBXGroup;
			children = (
				DD07CFBA296D034A00220DA6 /* Color.swift */,
				DDCCA4072975BD6F007129F1 /* PreviewProvider.swift */,
				DDAA598829765F9400F33C44 /* Double.swift */,
				DDBEC4E8297E81FB00A54E44 /* UIApplication.swift */,
			);
			path = Extensions;
			sourceTree = "<group>";
		};
		DD07CFBC296D047C00220DA6 /* Core */ = {
			isa = PBXGroup;
			children = (
				DD07CFC2296D066B00220DA6 /* Components */,
				DD07CFBD296D049800220DA6 /* Home */,
			);
			path = Core;
			sourceTree = "<group>";
		};
		DD07CFBD296D049800220DA6 /* Home */ = {
			isa = PBXGroup;
			children = (
				DD07CFBF296D050200220DA6 /* Views */,
				DD07CFBE296D04F500220DA6 /* ViewModels */,
			);
			path = Home;
			sourceTree = "<group>";
		};
		DD07CFBE296D04F500220DA6 /* ViewModels */ = {
			isa = PBXGroup;
			children = (
				DDAA598A2976670600F33C44 /* HomeViewModel.swift */,
			);
			path = ViewModels;
			sourceTree = "<group>";
		};
		DD07CFBF296D050200220DA6 /* Views */ = {
			isa = PBXGroup;
			children = (
				DD07CFC0296D051600220DA6 /* HomeView.swift */,
				DDA5F92E2987F2DD003434E8 /* HomeStatsView.swift */,
				DD07CFCE296D1C0200220DA6 /* CoinRowView.swift */,
				DDA5F93429880201003434E8 /* PortfolioView.swift */,
			);
			path = Views;
			sourceTree = "<group>";
		};
		DD07CFC2296D066B00220DA6 /* Components */ = {
			isa = PBXGroup;
			children = (
				DDAA5992297679E600F33C44 /* CoinImage */,
				DD07CFC3296D068100220DA6 /* CircleButton */,
				DDBEC4E6297E782300A54E44 /* SearchBarView.swift */,
				DDA5F92C2987EFA1003434E8 /* StatisticView.swift */,
				DDA5F93629880413003434E8 /* XMarkButton.swift */,
			);
			path = Components;
			sourceTree = "<group>";
		};
		DD07CFC3296D068100220DA6 /* CircleButton */ = {
			isa = PBXGroup;
			children = (
				DD07CFC7296D06BC00220DA6 /* CircleButtonView.swift */,
				DD07CFC9296D09A100220DA6 /* CircleButtonAnimationView.swift */,
			);
			path = CircleButton;
			sourceTree = "<group>";
		};
		DD07CFCB296D0D5100220DA6 /* Models */ = {
			isa = PBXGroup;
			children = (
				DD07CFCC296D0D6300220DA6 /* CoinModel.swift */,
				DDA5F92A2987EDA7003434E8 /* StatisticModel.swift */,
				DDA5F9302987F65C003434E8 /* MarketDataModel.swift */,
				DDEA7F4B2992384B000D29F6 /* PortfolioContainer.xcdatamodeld */,
			);
			path = Models;
			sourceTree = "<group>";
		};
		DDAA598C29766CBD00F33C44 /* Services */ = {
			isa = PBXGroup;
			children = (
				DDAA598D29766CE200F33C44 /* CoinDataService.swift */,
				DDAA599529767B7E00F33C44 /* CoinImageService.swift */,
				DDA5F9322987F94C003434E8 /* MarketDataService.swift */,
				DDEA7F4E299238D0000D29F6 /* PortfolioDataService.swift */,
			);
			path = Services;
			sourceTree = "<group>";
		};
		DDAA598F2976742700F33C44 /* Utilities */ = {
			isa = PBXGroup;
			children = (
				DDAA59902976745C00F33C44 /* NetworkingManager.swift */,
				DDBEC4E4297E698600A54E44 /* LocalFileManager.swift */,
			);
			path = Utilities;
			sourceTree = "<group>";
		};
		DDAA5992297679E600F33C44 /* CoinImage */ = {
			isa = PBXGroup;
			children = (
				DDAA5993297679FA00F33C44 /* CoinImageView.swift */,
				DDAA599729767D4800F33C44 /* CoinImageViewModel.swift */,
				DDF2FBAB298D43C90025F7B9 /* CoinLogoView.swift */,
			);
			path = CoinImage;
			sourceTree = "<group>";
		};
/* End PBXGroup section */

/* Begin PBXNativeTarget section */
		DD07CFA7296D015C00220DA6 /* CryptoApp */ = {
			isa = PBXNativeTarget;
			buildConfigurationList = DD07CFB6296D015E00220DA6 /* Build configuration list for PBXNativeTarget "CryptoApp" */;
			buildPhases = (
				DD07CFA4296D015C00220DA6 /* Sources */,
				DD07CFA5296D015C00220DA6 /* Frameworks */,
				DD07CFA6296D015C00220DA6 /* Resources */,
			);
			buildRules = (
			);
			dependencies = (
			);
			name = CryptoApp;
			productName = CryptoApp;
			productReference = DD07CFA8296D015C00220DA6 /* CryptoApp.app */;
			productType = "com.apple.product-type.application";
		};
/* End PBXNativeTarget section */

/* Begin PBXProject section */
		DD07CFA0296D015C00220DA6 /* Project object */ = {
			isa = PBXProject;
			attributes = {
				BuildIndependentTargetsInParallel = 1;
				LastSwiftUpdateCheck = 1420;
				LastUpgradeCheck = 1420;
				TargetAttributes = {
					DD07CFA7296D015C00220DA6 = {
						CreatedOnToolsVersion = 14.2;
					};
				};
			};
			buildConfigurationList = DD07CFA3296D015C00220DA6 /* Build configuration list for PBXProject "CryptoApp" */;
			compatibilityVersion = "Xcode 14.0";
			developmentRegion = en;
			hasScannedForEncodings = 0;
			knownRegions = (
				en,
				Base,
			);
			mainGroup = DD07CF9F296D015C00220DA6;
			productRefGroup = DD07CFA9296D015C00220DA6 /* Products */;
			projectDirPath = "";
			projectRoot = "";
			targets = (
				DD07CFA7296D015C00220DA6 /* CryptoApp */,
			);
		};
/* End PBXProject section */

/* Begin PBXResourcesBuildPhase section */
		DD07CFA6296D015C00220DA6 /* Resources */ = {
			isa = PBXResourcesBuildPhase;
			buildActionMask = 2147483647;
			files = (
				DD07CFB3296D015E00220DA6 /* Preview Assets.xcassets in Resources */,
				DD07CFB0296D015E00220DA6 /* Assets.xcassets in Resources */,
			);
			runOnlyForDeploymentPostprocessing = 0;
		};
/* End PBXResourcesBuildPhase section */

/* Begin PBXSourcesBuildPhase section */
		DD07CFA4296D015C00220DA6 /* Sources */ = {
			isa = PBXSourcesBuildPhase;
			buildActionMask = 2147483647;
			files = (
				DDEA7F4D2992384B000D29F6 /* PortfolioContainer.xcdatamodeld in Sources */,
				DDA5F92B2987EDA7003434E8 /* StatisticModel.swift in Sources */,
				DDAA598E29766CE200F33C44 /* CoinDataService.swift in Sources */,
				DD07CFCF296D1C0200220DA6 /* CoinRowView.swift in Sources */,
				DDA5F93729880413003434E8 /* XMarkButton.swift in Sources */,
				DD07CFAE296D015C00220DA6 /* ContentView.swift in Sources */,
				DDAA598B2976670600F33C44 /* HomeViewModel.swift in Sources */,
				DDBEC4E5297E698600A54E44 /* LocalFileManager.swift in Sources */,
				DDA5F9312987F65C003434E8 /* MarketDataModel.swift in Sources */,
				DD07CFC1296D051600220DA6 /* HomeView.swift in Sources */,
				DDA5F92D2987EFA1003434E8 /* StatisticView.swift in Sources */,
				DDAA5994297679FA00F33C44 /* CoinImageView.swift in Sources */,
				DD07CFAC296D015C00220DA6 /* CryptoAppApp.swift in Sources */,
				DDBEC4E9297E81FB00A54E44 /* UIApplication.swift in Sources */,
				DD07CFC8296D06BC00220DA6 /* CircleButtonView.swift in Sources */,
				DD07CFBB296D034A00220DA6 /* Color.swift in Sources */,
				DDBEC4E7297E782300A54E44 /* SearchBarView.swift in Sources */,
				DDAA59912976745C00F33C44 /* NetworkingManager.swift in Sources */,
				DDF2FBAC298D43C90025F7B9 /* CoinLogoView.swift in Sources */,
				DDA5F92F2987F2DD003434E8 /* HomeStatsView.swift in Sources */,
				DDA5F9332987F94C003434E8 /* MarketDataService.swift in Sources */,
				DD07CFCA296D09A100220DA6 /* CircleButtonAnimationView.swift in Sources */,
				DDAA599829767D4800F33C44 /* CoinImageViewModel.swift in Sources */,
				DDCCA4082975BD6F007129F1 /* PreviewProvider.swift in Sources */,
				DDA5F93529880201003434E8 /* PortfolioView.swift in Sources */,
				DDAA598929765F9400F33C44 /* Double.swift in Sources */,
				DDAA599629767B7E00F33C44 /* CoinImageService.swift in Sources */,
				DD07CFCD296D0D6400220DA6 /* CoinModel.swift in Sources */,
				DDEA7F4F299238D0000D29F6 /* PortfolioDataService.swift in Sources */,
			);
			runOnlyForDeploymentPostprocessing = 0;
		};
/* End PBXSourcesBuildPhase section */

/* Begin XCBuildConfiguration section */
		DD07CFB4296D015E00220DA6 /* Debug */ = {
			isa = XCBuildConfiguration;
			buildSettings = {
				ALWAYS_SEARCH_USER_PATHS = NO;
				CLANG_ANALYZER_NONNULL = YES;
				CLANG_ANALYZER_NUMBER_OBJECT_CONVERSION = YES_AGGRESSIVE;
				CLANG_CXX_LANGUAGE_STANDARD = "gnu++20";
				CLANG_ENABLE_MODULES = YES;
				CLANG_ENABLE_OBJC_ARC = YES;
				CLANG_ENABLE_OBJC_WEAK = YES;
				CLANG_WARN_BLOCK_CAPTURE_AUTORELEASING = YES;
				CLANG_WARN_BOOL_CONVERSION = YES;
				CLANG_WARN_COMMA = YES;
				CLANG_WARN_CONSTANT_CONVERSION = YES;
				CLANG_WARN_DEPRECATED_OBJC_IMPLEMENTATIONS = YES;
				CLANG_WARN_DIRECT_OBJC_ISA_USAGE = YES_ERROR;
				CLANG_WARN_DOCUMENTATION_COMMENTS = YES;
				CLANG_WARN_EMPTY_BODY = YES;
				CLANG_WARN_ENUM_CONVERSION = YES;
				CLANG_WARN_INFINITE_RECURSION = YES;
				CLANG_WARN_INT_CONVERSION = YES;
				CLANG_WARN_NON_LITERAL_NULL_CONVERSION = YES;
				CLANG_WARN_OBJC_IMPLICIT_RETAIN_SELF = YES;
				CLANG_WARN_OBJC_LITERAL_CONVERSION = YES;
				CLANG_WARN_OBJC_ROOT_CLASS = YES_ERROR;
				CLANG_WARN_QUOTED_INCLUDE_IN_FRAMEWORK_HEADER = YES;
				CLANG_WARN_RANGE_LOOP_ANALYSIS = YES;
				CLANG_WARN_STRICT_PROTOTYPES = YES;
				CLANG_WARN_SUSPICIOUS_MOVE = YES;
				CLANG_WARN_UNGUARDED_AVAILABILITY = YES_AGGRESSIVE;
				CLANG_WARN_UNREACHABLE_CODE = YES;
				CLANG_WARN__DUPLICATE_METHOD_MATCH = YES;
				COPY_PHASE_STRIP = NO;
				DEBUG_INFORMATION_FORMAT = dwarf;
				ENABLE_STRICT_OBJC_MSGSEND = YES;
				ENABLE_TESTABILITY = YES;
				GCC_C_LANGUAGE_STANDARD = gnu11;
				GCC_DYNAMIC_NO_PIC = NO;
				GCC_NO_COMMON_BLOCKS = YES;
				GCC_OPTIMIZATION_LEVEL = 0;
				GCC_PREPROCESSOR_DEFINITIONS = (
					"DEBUG=1",
					"$(inherited)",
				);
				GCC_WARN_64_TO_32_BIT_CONVERSION = YES;
				GCC_WARN_ABOUT_RETURN_TYPE = YES_ERROR;
				GCC_WARN_UNDECLARED_SELECTOR = YES;
				GCC_WARN_UNINITIALIZED_AUTOS = YES_AGGRESSIVE;
				GCC_WARN_UNUSED_FUNCTION = YES;
				GCC_WARN_UNUSED_VARIABLE = YES;
				IPHONEOS_DEPLOYMENT_TARGET = 16.2;
				MTL_ENABLE_DEBUG_INFO = INCLUDE_SOURCE;
				MTL_FAST_MATH = YES;
				ONLY_ACTIVE_ARCH = YES;
				SDKROOT = iphoneos;
				SWIFT_ACTIVE_COMPILATION_CONDITIONS = DEBUG;
				SWIFT_OPTIMIZATION_LEVEL = "-Onone";
			};
			name = Debug;
		};
		DD07CFB5296D015E00220DA6 /* Release */ = {
			isa = XCBuildConfiguration;
			buildSettings = {
				ALWAYS_SEARCH_USER_PATHS = NO;
				CLANG_ANALYZER_NONNULL = YES;
				CLANG_ANALYZER_NUMBER_OBJECT_CONVERSION = YES_AGGRESSIVE;
				CLANG_CXX_LANGUAGE_STANDARD = "gnu++20";
				CLANG_ENABLE_MODULES = YES;
				CLANG_ENABLE_OBJC_ARC = YES;
				CLANG_ENABLE_OBJC_WEAK = YES;
				CLANG_WARN_BLOCK_CAPTURE_AUTORELEASING = YES;
				CLANG_WARN_BOOL_CONVERSION = YES;
				CLANG_WARN_COMMA = YES;
				CLANG_WARN_CONSTANT_CONVERSION = YES;
				CLANG_WARN_DEPRECATED_OBJC_IMPLEMENTATIONS = YES;
				CLANG_WARN_DIRECT_OBJC_ISA_USAGE = YES_ERROR;
				CLANG_WARN_DOCUMENTATION_COMMENTS = YES;
				CLANG_WARN_EMPTY_BODY = YES;
				CLANG_WARN_ENUM_CONVERSION = YES;
				CLANG_WARN_INFINITE_RECURSION = YES;
				CLANG_WARN_INT_CONVERSION = YES;
				CLANG_WARN_NON_LITERAL_NULL_CONVERSION = YES;
				CLANG_WARN_OBJC_IMPLICIT_RETAIN_SELF = YES;
				CLANG_WARN_OBJC_LITERAL_CONVERSION = YES;
				CLANG_WARN_OBJC_ROOT_CLASS = YES_ERROR;
				CLANG_WARN_QUOTED_INCLUDE_IN_FRAMEWORK_HEADER = YES;
				CLANG_WARN_RANGE_LOOP_ANALYSIS = YES;
				CLANG_WARN_STRICT_PROTOTYPES = YES;
				CLANG_WARN_SUSPICIOUS_MOVE = YES;
				CLANG_WARN_UNGUARDED_AVAILABILITY = YES_AGGRESSIVE;
				CLANG_WARN_UNREACHABLE_CODE = YES;
				CLANG_WARN__DUPLICATE_METHOD_MATCH = YES;
				COPY_PHASE_STRIP = NO;
				DEBUG_INFORMATION_FORMAT = "dwarf-with-dsym";
				ENABLE_NS_ASSERTIONS = NO;
				ENABLE_STRICT_OBJC_MSGSEND = YES;
				GCC_C_LANGUAGE_STANDARD = gnu11;
				GCC_NO_COMMON_BLOCKS = YES;
				GCC_WARN_64_TO_32_BIT_CONVERSION = YES;
				GCC_WARN_ABOUT_RETURN_TYPE = YES_ERROR;
				GCC_WARN_UNDECLARED_SELECTOR = YES;
				GCC_WARN_UNINITIALIZED_AUTOS = YES_AGGRESSIVE;
				GCC_WARN_UNUSED_FUNCTION = YES;
				GCC_WARN_UNUSED_VARIABLE = YES;
				IPHONEOS_DEPLOYMENT_TARGET = 16.2;
				MTL_ENABLE_DEBUG_INFO = NO;
				MTL_FAST_MATH = YES;
				SDKROOT = iphoneos;
				SWIFT_COMPILATION_MODE = wholemodule;
				SWIFT_OPTIMIZATION_LEVEL = "-O";
				VALIDATE_PRODUCT = YES;
			};
			name = Release;
		};
		DD07CFB7296D015E00220DA6 /* Debug */ = {
			isa = XCBuildConfiguration;
			buildSettings = {
				ASSETCATALOG_COMPILER_APPICON_NAME = AppIcon;
				ASSETCATALOG_COMPILER_GLOBAL_ACCENT_COLOR_NAME = AccentColor;
				CODE_SIGN_STYLE = Automatic;
				CURRENT_PROJECT_VERSION = 1;
				DEVELOPMENT_ASSET_PATHS = "\"CryptoApp/Preview Content\"";
				DEVELOPMENT_TEAM = YXL8ZBUP7L;
				ENABLE_PREVIEWS = YES;
				GENERATE_INFOPLIST_FILE = YES;
				INFOPLIST_KEY_UIApplicationSceneManifest_Generation = YES;
				INFOPLIST_KEY_UIApplicationSupportsIndirectInputEvents = YES;
				INFOPLIST_KEY_UILaunchScreen_Generation = YES;
				INFOPLIST_KEY_UISupportedInterfaceOrientations = UIInterfaceOrientationPortrait;
				INFOPLIST_KEY_UISupportedInterfaceOrientations_iPad = "UIInterfaceOrientationLandscapeLeft UIInterfaceOrientationLandscapeRight UIInterfaceOrientationPortrait UIInterfaceOrientationPortraitUpsideDown";
				IPHONEOS_DEPLOYMENT_TARGET = 16.2;
				LD_RUNPATH_SEARCH_PATHS = (
					"$(inherited)",
					"@executable_path/Frameworks",
				);
				MARKETING_VERSION = 1.0;
				PRODUCT_BUNDLE_IDENTIFIER = yerdi.CryptoApp;
				PRODUCT_NAME = "$(TARGET_NAME)";
				SWIFT_EMIT_LOC_STRINGS = YES;
				SWIFT_VERSION = 5.0;
				TARGETED_DEVICE_FAMILY = "1,2";
			};
			name = Debug;
		};
		DD07CFB8296D015E00220DA6 /* Release */ = {
			isa = XCBuildConfiguration;
			buildSettings = {
				ASSETCATALOG_COMPILER_APPICON_NAME = AppIcon;
				ASSETCATALOG_COMPILER_GLOBAL_ACCENT_COLOR_NAME = AccentColor;
				CODE_SIGN_STYLE = Automatic;
				CURRENT_PROJECT_VERSION = 1;
				DEVELOPMENT_ASSET_PATHS = "\"CryptoApp/Preview Content\"";
				DEVELOPMENT_TEAM = YXL8ZBUP7L;
				ENABLE_PREVIEWS = YES;
				GENERATE_INFOPLIST_FILE = YES;
				INFOPLIST_KEY_UIApplicationSceneManifest_Generation = YES;
				INFOPLIST_KEY_UIApplicationSupportsIndirectInputEvents = YES;
				INFOPLIST_KEY_UILaunchScreen_Generation = YES;
				INFOPLIST_KEY_UISupportedInterfaceOrientations = UIInterfaceOrientationPortrait;
				INFOPLIST_KEY_UISupportedInterfaceOrientations_iPad = "UIInterfaceOrientationLandscapeLeft UIInterfaceOrientationLandscapeRight UIInterfaceOrientationPortrait UIInterfaceOrientationPortraitUpsideDown";
				IPHONEOS_DEPLOYMENT_TARGET = 16.2;
				LD_RUNPATH_SEARCH_PATHS = (
					"$(inherited)",
					"@executable_path/Frameworks",
				);
				MARKETING_VERSION = 1.0;
				PRODUCT_BUNDLE_IDENTIFIER = yerdi.CryptoApp;
				PRODUCT_NAME = "$(TARGET_NAME)";
				SWIFT_EMIT_LOC_STRINGS = YES;
				SWIFT_VERSION = 5.0;
				TARGETED_DEVICE_FAMILY = "1,2";
			};
			name = Release;
		};
/* End XCBuildConfiguration section */

/* Begin XCConfigurationList section */
		DD07CFA3296D015C00220DA6 /* Build configuration list for PBXProject "CryptoApp" */ = {
			isa = XCConfigurationList;
			buildConfigurations = (
				DD07CFB4296D015E00220DA6 /* Debug */,
				DD07CFB5296D015E00220DA6 /* Release */,
			);
			defaultConfigurationIsVisible = 0;
			defaultConfigurationName = Release;
		};
		DD07CFB6296D015E00220DA6 /* Build configuration list for PBXNativeTarget "CryptoApp" */ = {
			isa = XCConfigurationList;
			buildConfigurations = (
				DD07CFB7296D015E00220DA6 /* Debug */,
				DD07CFB8296D015E00220DA6 /* Release */,
			);
			defaultConfigurationIsVisible = 0;
			defaultConfigurationName = Release;
		};
/* End XCConfigurationList section */

/* Begin XCVersionGroup section */
		DDEA7F4B2992384B000D29F6 /* PortfolioContainer.xcdatamodeld */ = {
			isa = XCVersionGroup;
			children = (
				DDEA7F4C2992384B000D29F6 /* PortfolioContainer.xcdatamodel */,
			);
			currentVersion = DDEA7F4C2992384B000D29F6 /* PortfolioContainer.xcdatamodel */;
			path = PortfolioContainer.xcdatamodeld;
			sourceTree = "<group>";
			versionGroupType = wrapper.xcdatamodel;
		};
/* End XCVersionGroup section */
	};
	rootObject = DD07CFA0296D015C00220DA6 /* Project object */;
}
